// !$*UTF8*$!
{
	archiveVersion = 1;
	classes = {
	};
	objectVersion = 55;
	objects = {

/* Begin PBXBuildFile section */
		DC493F4527ED953B001CED0E /* AppDelegate.m in Sources */ = {isa = PBXBuildFile; fileRef = DC493F4427ED953B001CED0E /* AppDelegate.m */; };
		DC493F4827ED953B001CED0E /* SceneDelegate.m in Sources */ = {isa = PBXBuildFile; fileRef = DC493F4727ED953B001CED0E /* SceneDelegate.m */; };
		DC493F4B27ED953B001CED0E /* ViewController.m in Sources */ = {isa = PBXBuildFile; fileRef = DC493F4A27ED953B001CED0E /* ViewController.m */; };
		DC493F4E27ED953B001CED0E /* Main.storyboard in Resources */ = {isa = PBXBuildFile; fileRef = DC493F4C27ED953B001CED0E /* Main.storyboard */; };
		DC493F5027ED953C001CED0E /* Assets.xcassets in Resources */ = {isa = PBXBuildFile; fileRef = DC493F4F27ED953C001CED0E /* Assets.xcassets */; };
		DC493F5327ED953C001CED0E /* LaunchScreen.storyboard in Resources */ = {isa = PBXBuildFile; fileRef = DC493F5127ED953C001CED0E /* LaunchScreen.storyboard */; };
		DC493F5627ED953C001CED0E /* main.m in Sources */ = {isa = PBXBuildFile; fileRef = DC493F5527ED953C001CED0E /* main.m */; };
		DC493F5D27ED962C001CED0E /* Reachability.m in Sources */ = {isa = PBXBuildFile; fileRef = DC493F5C27ED962C001CED0E /* Reachability.m */; };
		DC493F6027F15106001CED0E /* test.html in Resources */ = {isa = PBXBuildFile; fileRef = DC493F5F27F15106001CED0E /* test.html */; };
/* End PBXBuildFile section */

/* Begin PBXFileReference section */
		DC493F4027ED953B001CED0E /* WebViewObjC.app */ = {isa = PBXFileReference; explicitFileType = wrapper.application; includeInIndex = 0; path = WebViewObjC.app; sourceTree = BUILT_PRODUCTS_DIR; };
		DC493F4327ED953B001CED0E /* AppDelegate.h */ = {isa = PBXFileReference; lastKnownFileType = sourcecode.c.h; path = AppDelegate.h; sourceTree = "<group>"; };
		DC493F4427ED953B001CED0E /* AppDelegate.m */ = {isa = PBXFileReference; lastKnownFileType = sourcecode.c.objc; path = AppDelegate.m; sourceTree = "<group>"; };
		DC493F4627ED953B001CED0E /* SceneDelegate.h */ = {isa = PBXFileReference; lastKnownFileType = sourcecode.c.h; path = SceneDelegate.h; sourceTree = "<group>"; };
		DC493F4727ED953B001CED0E /* SceneDelegate.m */ = {isa = PBXFileReference; lastKnownFileType = sourcecode.c.objc; path = SceneDelegate.m; sourceTree = "<group>"; };
		DC493F4927ED953B001CED0E /* ViewController.h */ = {isa = PBXFileReference; lastKnownFileType = sourcecode.c.h; path = ViewController.h; sourceTree = "<group>"; };
		DC493F4A27ED953B001CED0E /* ViewController.m */ = {isa = PBXFileReference; lastKnownFileType = sourcecode.c.objc; path = ViewController.m; sourceTree = "<group>"; };
		DC493F4D27ED953B001CED0E /* Base */ = {isa = PBXFileReference; lastKnownFileType = file.storyboard; name = Base; path = Base.lproj/Main.storyboard; sourceTree = "<group>"; };
		DC493F4F27ED953C001CED0E /* Assets.xcassets */ = {isa = PBXFileReference; lastKnownFileType = folder.assetcatalog; path = Assets.xcassets; sourceTree = "<group>"; };
		DC493F5227ED953C001CED0E /* Base */ = {isa = PBXFileReference; lastKnownFileType = file.storyboard; name = Base; path = Base.lproj/LaunchScreen.storyboard; sourceTree = "<group>"; };
		DC493F5427ED953C001CED0E /* Info.plist */ = {isa = PBXFileReference; lastKnownFileType = text.plist.xml; path = Info.plist; sourceTree = "<group>"; };
		DC493F5527ED953C001CED0E /* main.m */ = {isa = PBXFileReference; lastKnownFileType = sourcecode.c.objc; path = main.m; sourceTree = "<group>"; };
		DC493F5C27ED962C001CED0E /* Reachability.m */ = {isa = PBXFileReference; lastKnownFileType = sourcecode.c.objc; path = Reachability.m; sourceTree = "<group>"; };
		DC493F5E27ED9644001CED0E /* Reachability.h */ = {isa = PBXFileReference; lastKnownFileType = sourcecode.c.h; path = Reachability.h; sourceTree = "<group>"; };
		DC493F5F27F15106001CED0E /* test.html */ = {isa = PBXFileReference; fileEncoding = 4; lastKnownFileType = text.html; name = test.html; path = "../../../NSJ/일반소스/webview/test.html"; sourceTree = "<group>"; };
/* End PBXFileReference section */

/* Begin PBXFrameworksBuildPhase section */
		DC493F3D27ED953B001CED0E /* Frameworks */ = {
			isa = PBXFrameworksBuildPhase;
			buildActionMask = 2147483647;
			files = (
			);
			runOnlyForDeploymentPostprocessing = 0;
		};
/* End PBXFrameworksBuildPhase section */

/* Begin PBXGroup section */
		DC493F3727ED953B001CED0E = {
			isa = PBXGroup;
			children = (
				DC493F4227ED953B001CED0E /* WebViewObjC */,
				DC493F4127ED953B001CED0E /* Products */,
			);
			sourceTree = "<group>";
		};
		DC493F4127ED953B001CED0E /* Products */ = {
			isa = PBXGroup;
			children = (
				DC493F4027ED953B001CED0E /* WebViewObjC.app */,
			);
			name = Products;
			sourceTree = "<group>";
		};
		DC493F4227ED953B001CED0E /* WebViewObjC */ = {
			isa = PBXGroup;
			children = (
				DC493F4327ED953B001CED0E /* AppDelegate.h */,
				DC493F4427ED953B001CED0E /* AppDelegate.m */,
				DC493F4627ED953B001CED0E /* SceneDelegate.h */,
				DC493F4727ED953B001CED0E /* SceneDelegate.m */,
				DC493F4927ED953B001CED0E /* ViewController.h */,
				DC493F4A27ED953B001CED0E /* ViewController.m */,
				DC493F5E27ED9644001CED0E /* Reachability.h */,
				DC493F5C27ED962C001CED0E /* Reachability.m */,
				DC493F4C27ED953B001CED0E /* Main.storyboard */,
				DC493F4F27ED953C001CED0E /* Assets.xcassets */,
				DC493F5127ED953C001CED0E /* LaunchScreen.storyboard */,
				DC493F5427ED953C001CED0E /* Info.plist */,
				DC493F5527ED953C001CED0E /* main.m */,
				DC493F5F27F15106001CED0E /* test.html */,
			);
			path = WebViewObjC;
			sourceTree = "<group>";
		};
/* End PBXGroup section */

/* Begin PBXNativeTarget section */
		DC493F3F27ED953B001CED0E /* WebViewObjC */ = {
			isa = PBXNativeTarget;
			buildConfigurationList = DC493F5927ED953C001CED0E /* Build configuration list for PBXNativeTarget "WebViewObjC" */;
			buildPhases = (
				DC493F3C27ED953B001CED0E /* Sources */,
				DC493F3D27ED953B001CED0E /* Frameworks */,
				DC493F3E27ED953B001CED0E /* Resources */,
			);
			buildRules = (
			);
			dependencies = (
			);
			name = WebViewObjC;
			productName = WebViewObjC;
			productReference = DC493F4027ED953B001CED0E /* WebViewObjC.app */;
			productType = "com.apple.product-type.application";
		};
/* End PBXNativeTarget section */

/* Begin PBXProject section */
		DC493F3827ED953B001CED0E /* Project object */ = {
			isa = PBXProject;
			attributes = {
				BuildIndependentTargetsInParallel = 1;
				LastUpgradeCheck = 1330;
				TargetAttributes = {
					DC493F3F27ED953B001CED0E = {
						CreatedOnToolsVersion = 13.3;
					};
				};
			};
			buildConfigurationList = DC493F3B27ED953B001CED0E /* Build configuration list for PBXProject "WebViewObjC" */;
			compatibilityVersion = "Xcode 13.0";
			developmentRegion = en;
			hasScannedForEncodings = 0;
			knownRegions = (
				en,
				Base,
			);
			mainGroup = DC493F3727ED953B001CED0E;
			productRefGroup = DC493F4127ED953B001CED0E /* Products */;
			projectDirPath = "";
			projectRoot = "";
			targets = (
				DC493F3F27ED953B001CED0E /* WebViewObjC */,
			);
		};
/* End PBXProject section */

/* Begin PBXResourcesBuildPhase section */
		DC493F3E27ED953B001CED0E /* Resources */ = {
			isa = PBXResourcesBuildPhase;
			buildActionMask = 2147483647;
			files = (
				DC493F6027F15106001CED0E /* test.html in Resources */,
				DC493F5327ED953C001CED0E /* LaunchScreen.storyboard in Resources */,
				DC493F5027ED953C001CED0E /* Assets.xcassets in Resources */,
				DC493F4E27ED953B001CED0E /* Main.storyboard in Resources */,
			);
			runOnlyForDeploymentPostprocessing = 0;
		};
/* End PBXResourcesBuildPhase section */

/* Begin PBXSourcesBuildPhase section */
		DC493F3C27ED953B001CED0E /* Sources */ = {
			isa = PBXSourcesBuildPhase;
			buildActionMask = 2147483647;
			files = (
				DC493F4B27ED953B001CED0E /* ViewController.m in Sources */,
				DC493F4527ED953B001CED0E /* AppDelegate.m in Sources */,
				DC493F5627ED953C001CED0E /* main.m in Sources */,
				DC493F4827ED953B001CED0E /* SceneDelegate.m in Sources */,
				DC493F5D27ED962C001CED0E /* Reachability.m in Sources */,
			);
			runOnlyForDeploymentPostprocessing = 0;
		};
/* End PBXSourcesBuildPhase section */

/* Begin PBXVariantGroup section */
		DC493F4C27ED953B001CED0E /* Main.storyboard */ = {
			isa = PBXVariantGroup;
			children = (
				DC493F4D27ED953B001CED0E /* Base */,
			);
			name = Main.storyboard;
			sourceTree = "<group>";
		};
		DC493F5127ED953C001CED0E /* LaunchScreen.storyboard */ = {
			isa = PBXVariantGroup;
			children = (
				DC493F5227ED953C001CED0E /* Base */,
			);
			name = LaunchScreen.storyboard;
			sourceTree = "<group>";
		};
/* End PBXVariantGroup section */

/* Begin XCBuildConfiguration section */
		DC493F5727ED953C001CED0E /* Debug */ = {
			isa = XCBuildConfiguration;
			buildSettings = {
				ALWAYS_SEARCH_USER_PATHS = NO;
				CLANG_ANALYZER_NONNULL = YES;
				CLANG_ANALYZER_NUMBER_OBJECT_CONVERSION = YES_AGGRESSIVE;
				CLANG_CXX_LANGUAGE_STANDARD = "gnu++17";
				CLANG_ENABLE_MODULES = YES;
				CLANG_ENABLE_OBJC_ARC = YES;
				CLANG_ENABLE_OBJC_WEAK = YES;
				CLANG_WARN_BLOCK_CAPTURE_AUTORELEASING = YES;
				CLANG_WARN_BOOL_CONVERSION = YES;
				CLANG_WARN_COMMA = YES;
				CLANG_WARN_CONSTANT_CONVERSION = YES;
				CLANG_WARN_DEPRECATED_OBJC_IMPLEMENTATIONS = YES;
				CLANG_WARN_DIRECT_OBJC_ISA_USAGE = YES_ERROR;
				CLANG_WARN_DOCUMENTATION_COMMENTS = YES;
				CLANG_WARN_EMPTY_BODY = YES;
				CLANG_WARN_ENUM_CONVERSION = YES;
				CLANG_WARN_INFINITE_RECURSION = YES;
				CLANG_WARN_INT_CONVERSION = YES;
				CLANG_WARN_NON_LITERAL_NULL_CONVERSION = YES;
				CLANG_WARN_OBJC_IMPLICIT_RETAIN_SELF = YES;
				CLANG_WARN_OBJC_LITERAL_CONVERSION = YES;
				CLANG_WARN_OBJC_ROOT_CLASS = YES_ERROR;
				CLANG_WARN_QUOTED_INCLUDE_IN_FRAMEWORK_HEADER = YES;
				CLANG_WARN_RANGE_LOOP_ANALYSIS = YES;
				CLANG_WARN_STRICT_PROTOTYPES = YES;
				CLANG_WARN_SUSPICIOUS_MOVE = YES;
				CLANG_WARN_UNGUARDED_AVAILABILITY = YES_AGGRESSIVE;
				CLANG_WARN_UNREACHABLE_CODE = YES;
				CLANG_WARN__DUPLICATE_METHOD_MATCH = YES;
				COPY_PHASE_STRIP = NO;
				DEBUG_INFORMATION_FORMAT = dwarf;
				ENABLE_STRICT_OBJC_MSGSEND = YES;
				ENABLE_TESTABILITY = YES;
				GCC_C_LANGUAGE_STANDARD = gnu11;
				GCC_DYNAMIC_NO_PIC = NO;
				GCC_NO_COMMON_BLOCKS = YES;
				GCC_OPTIMIZATION_LEVEL = 0;
				GCC_PREPROCESSOR_DEFINITIONS = (
					"DEBUG=1",
					"$(inherited)",
				);
				GCC_WARN_64_TO_32_BIT_CONVERSION = YES;
				GCC_WARN_ABOUT_RETURN_TYPE = YES_ERROR;
				GCC_WARN_UNDECLARED_SELECTOR = YES;
				GCC_WARN_UNINITIALIZED_AUTOS = YES_AGGRESSIVE;
				GCC_WARN_UNUSED_FUNCTION = YES;
				GCC_WARN_UNUSED_VARIABLE = YES;
				IPHONEOS_DEPLOYMENT_TARGET = 15.4;
				MTL_ENABLE_DEBUG_INFO = INCLUDE_SOURCE;
				MTL_FAST_MATH = YES;
				ONLY_ACTIVE_ARCH = YES;
				SDKROOT = iphoneos;
			};
			name = Debug;
		};
		DC493F5827ED953C001CED0E /* Release */ = {
			isa = XCBuildConfiguration;
			buildSettings = {
				ALWAYS_SEARCH_USER_PATHS = NO;
				CLANG_ANALYZER_NONNULL = YES;
				CLANG_ANALYZER_NUMBER_OBJECT_CONVERSION = YES_AGGRESSIVE;
				CLANG_CXX_LANGUAGE_STANDARD = "gnu++17";
				CLANG_ENABLE_MODULES = YES;
				CLANG_ENABLE_OBJC_ARC = YES;
				CLANG_ENABLE_OBJC_WEAK = YES;
				CLANG_WARN_BLOCK_CAPTURE_AUTORELEASING = YES;
				CLANG_WARN_BOOL_CONVERSION = YES;
				CLANG_WARN_COMMA = YES;
				CLANG_WARN_CONSTANT_CONVERSION = YES;
				CLANG_WARN_DEPRECATED_OBJC_IMPLEMENTATIONS = YES;
				CLANG_WARN_DIRECT_OBJC_ISA_USAGE = YES_ERROR;
				CLANG_WARN_DOCUMENTATION_COMMENTS = YES;
				CLANG_WARN_EMPTY_BODY = YES;
				CLANG_WARN_ENUM_CONVERSION = YES;
				CLANG_WARN_INFINITE_RECURSION = YES;
				CLANG_WARN_INT_CONVERSION = YES;
				CLANG_WARN_NON_LITERAL_NULL_CONVERSION = YES;
				CLANG_WARN_OBJC_IMPLICIT_RETAIN_SELF = YES;
				CLANG_WARN_OBJC_LITERAL_CONVERSION = YES;
				CLANG_WARN_OBJC_ROOT_CLASS = YES_ERROR;
				CLANG_WARN_QUOTED_INCLUDE_IN_FRAMEWORK_HEADER = YES;
				CLANG_WARN_RANGE_LOOP_ANALYSIS = YES;
				CLANG_WARN_STRICT_PROTOTYPES = YES;
				CLANG_WARN_SUSPICIOUS_MOVE = YES;
				CLANG_WARN_UNGUARDED_AVAILABILITY = YES_AGGRESSIVE;
				CLANG_WARN_UNREACHABLE_CODE = YES;
				CLANG_WARN__DUPLICATE_METHOD_MATCH = YES;
				COPY_PHASE_STRIP = NO;
				DEBUG_INFORMATION_FORMAT = "dwarf-with-dsym";
				ENABLE_NS_ASSERTIONS = NO;
				ENABLE_STRICT_OBJC_MSGSEND = YES;
				GCC_C_LANGUAGE_STANDARD = gnu11;
				GCC_NO_COMMON_BLOCKS = YES;
				GCC_WARN_64_TO_32_BIT_CONVERSION = YES;
				GCC_WARN_ABOUT_RETURN_TYPE = YES_ERROR;
				GCC_WARN_UNDECLARED_SELECTOR = YES;
				GCC_WARN_UNINITIALIZED_AUTOS = YES_AGGRESSIVE;
				GCC_WARN_UNUSED_FUNCTION = YES;
				GCC_WARN_UNUSED_VARIABLE = YES;
				IPHONEOS_DEPLOYMENT_TARGET = 15.4;
				MTL_ENABLE_DEBUG_INFO = NO;
				MTL_FAST_MATH = YES;
				SDKROOT = iphoneos;
				VALIDATE_PRODUCT = YES;
			};
			name = Release;
		};
		DC493F5A27ED953C001CED0E /* Debug */ = {
			isa = XCBuildConfiguration;
			buildSettings = {
				ASSETCATALOG_COMPILER_APPICON_NAME = AppIcon;
				ASSETCATALOG_COMPILER_GLOBAL_ACCENT_COLOR_NAME = AccentColor;
				CODE_SIGN_STYLE = Automatic;
				CURRENT_PROJECT_VERSION = 1;
				DEVELOPMENT_TEAM = 9WLFWBVXYD;
				GENERATE_INFOPLIST_FILE = YES;
				INFOPLIST_FILE = WebViewObjC/Info.plist;
				INFOPLIST_KEY_UIApplicationSupportsIndirectInputEvents = YES;
				INFOPLIST_KEY_UILaunchStoryboardName = LaunchScreen;
				INFOPLIST_KEY_UIMainStoryboardFile = Main;
				INFOPLIST_KEY_UISupportedInterfaceOrientations_iPad = "UIInterfaceOrientationPortrait UIInterfaceOrientationPortraitUpsideDown UIInterfaceOrientationLandscapeLeft UIInterfaceOrientationLandscapeRight";
				INFOPLIST_KEY_UISupportedInterfaceOrientations_iPhone = "UIInterfaceOrientationPortrait UIInterfaceOrientationLandscapeLeft UIInterfaceOrientationLandscapeRight";
				LD_RUNPATH_SEARCH_PATHS = (
					"$(inherited)",
					"@executable_path/Frameworks",
				);
				MARKETING_VERSION = 1.0;
				PRODUCT_BUNDLE_IDENTIFIER = nsjsoft.com.WebViewObjC;
				PRODUCT_NAME = "$(TARGET_NAME)";
				SWIFT_EMIT_LOC_STRINGS = YES;
				TARGETED_DEVICE_FAMILY = "1,2";
			};
			name = Debug;
		};
		DC493F5B27ED953C001CED0E /* Release */ = {
			isa = XCBuildConfiguration;
			buildSettings = {
				ASSETCATALOG_COMPILER_APPICON_NAME = AppIcon;
				ASSETCATALOG_COMPILER_GLOBAL_ACCENT_COLOR_NAME = AccentColor;
				CODE_SIGN_STYLE = Automatic;
				CURRENT_PROJECT_VERSION = 1;
				DEVELOPMENT_TEAM = 9WLFWBVXYD;
				GENERATE_INFOPLIST_FILE = YES;
				INFOPLIST_FILE = WebViewObjC/Info.plist;
				INFOPLIST_KEY_UIApplicationSupportsIndirectInputEvents = YES;
				INFOPLIST_KEY_UILaunchStoryboardName = LaunchScreen;
				INFOPLIST_KEY_UIMainStoryboardFile = Main;
				INFOPLIST_KEY_UISupportedInterfaceOrientations_iPad = "UIInterfaceOrientationPortrait UIInterfaceOrientationPortraitUpsideDown UIInterfaceOrientationLandscapeLeft UIInterfaceOrientationLandscapeRight";
				INFOPLIST_KEY_UISupportedInterfaceOrientations_iPhone = "UIInterfaceOrientationPortrait UIInterfaceOrientationLandscapeLeft UIInterfaceOrientationLandscapeRight";
				LD_RUNPATH_SEARCH_PATHS = (
					"$(inherited)",
					"@executable_path/Frameworks",
				);
				MARKETING_VERSION = 1.0;
				PRODUCT_BUNDLE_IDENTIFIER = nsjsoft.com.WebViewObjC;
				PRODUCT_NAME = "$(TARGET_NAME)";
				SWIFT_EMIT_LOC_STRINGS = YES;
				TARGETED_DEVICE_FAMILY = "1,2";
			};
			name = Release;
		};
/* End XCBuildConfiguration section */

/* Begin XCConfigurationList section */
		DC493F3B27ED953B001CED0E /* Build configuration list for PBXProject "WebViewObjC" */ = {
			isa = XCConfigurationList;
			buildConfigurations = (
				DC493F5727ED953C001CED0E /* Debug */,
				DC493F5827ED953C001CED0E /* Release */,
			);
			defaultConfigurationIsVisible = 0;
			defaultConfigurationName = Release;
		};
		DC493F5927ED953C001CED0E /* Build configuration list for PBXNativeTarget "WebViewObjC" */ = {
			isa = XCConfigurationList;
			buildConfigurations = (
				DC493F5A27ED953C001CED0E /* Debug */,
				DC493F5B27ED953C001CED0E /* Release */,
			);
			defaultConfigurationIsVisible = 0;
			defaultConfigurationName = Release;
		};
/* End XCConfigurationList section */
	};
	rootObject = DC493F3827ED953B001CED0E /* Project object */;
}
